
Microsoft Visual Studio Solution File, Format Version 12.00
# Visual Studio Version 17
VisualStudioVersion = 17.14.37111.16
MinimumVisualStudioVersion = 10.0.40219.1
Project("{FAE04EC0-301F-11D3-BF4B-00C04F79EFBC}") = "Lab1_FIO", "Lab1_FIO.csproj", "{6BA5A481-0FA8-4965-8163-40A0C38895FC}"
EndProject
Project("{FAE04EC0-301F-11D3-BF4B-00C04F79EFBC}") = "Lab1_FIO.Tests", "..\Lab1_FIO.Tests\Lab1_FIO.Tests.csproj", "{A40E27C3-8D16-45C6-986B-FBB0A27ADFE1}"
EndProject
Global
	GlobalSection(SolutionConfigurationPlatforms) = preSolution
		Debug|Any CPU = Debug|Any CPU
		Release|Any CPU = Release|Any CPU
	EndGlobalSection
	GlobalSection(ProjectConfigurationPlatforms) = postSolution
		{6BA5A481-0FA8-4965-8163-40A0C38895FC}.Debug|Any CPU.ActiveCfg = Debug|Any CPU
		{6BA5A481-0FA8-4965-8163-40A0C38895FC}.Debug|Any CPU.Build.0 = Debug|Any CPU
		{6BA5A481-0FA8-4965-8163-40A0C38895FC}.Release|Any CPU.ActiveCfg = Release|Any CPU
		{6BA5A481-0FA8-4965-8163-40A0C38895FC}.Release|Any CPU.Build.0 = Release|Any CPU
		{A40E27C3-8D16-45C6-986B-FBB0A27ADFE1}.Debug|Any CPU.ActiveCfg = Debug|Any CPU
		{A40E27C3-8D16-45C6-986B-FBB0A27ADFE1}.Debug|Any CPU.Build.0 = Debug|Any CPU
		{A40E27C3-8D16-45C6-986B-FBB0A27ADFE1}.Release|Any CPU.ActiveCfg = Release|Any CPU
		{A40E27C3-8D16-45C6-986B-FBB0A27ADFE1}.Release|Any CPU.Build.0 = Release|Any CPU
	EndGlobalSection
	GlobalSection(SolutionProperties) = preSolution
		HideSolutionNode = FALSE
	EndGlobalSection
	GlobalSection(ExtensibilityGlobals) = postSolution
		SolutionGuid = {143E0D4B-8271-4373-81CE-09BAC41646B7}
	EndGlobalSection
EndGlobal
